
Microsoft Visual Studio Solution File, Format Version 12.00
# Visual Studio 15
VisualStudioVersion = 15.0.26228.9
MinimumVisualStudioVersion = 10.0.40219.1
Project("{FAE04EC0-301F-11D3-BF4B-00C04F79EFBC}") = "SharpData", "SharpData\SharpData.csproj", "{114DCB49-5B78-4D87-A02D-918561D7799C}"
EndProject
Project("{FAE04EC0-301F-11D3-BF4B-00C04F79EFBC}") = "SharpData.Sample.Net46", "SharpData.Sample.Net46\SharpData.Sample.Net46.csproj", "{0802E465-BA2F-4F06-88DF-B8A833752EF8}"
EndProject
Project("{FAE04EC0-301F-11D3-BF4B-00C04F79EFBC}") = "SharpData.Sample.Core", "SharpData.Sample.Core\SharpData.Sample.Core.csproj", "{9D328685-EF5D-495C-91FB-6DA4C41E6148}"
EndProject
Global
	GlobalSection(SolutionConfigurationPlatforms) = preSolution
		Debug|Any CPU = Debug|Any CPU
		Release|Any CPU = Release|Any CPU
	EndGlobalSection
	GlobalSection(ProjectConfigurationPlatforms) = postSolution
		{114DCB49-5B78-4D87-A02D-918561D7799C}.Debug|Any CPU.ActiveCfg = Debug|Any CPU
		{114DCB49-5B78-4D87-A02D-918561D7799C}.Debug|Any CPU.Build.0 = Debug|Any CPU
		{114DCB49-5B78-4D87-A02D-918561D7799C}.Release|Any CPU.ActiveCfg = Release|Any CPU
		{114DCB49-5B78-4D87-A02D-918561D7799C}.Release|Any CPU.Build.0 = Release|Any CPU
		{0802E465-BA2F-4F06-88DF-B8A833752EF8}.Debug|Any CPU.ActiveCfg = Debug|Any CPU
		{0802E465-BA2F-4F06-88DF-B8A833752EF8}.Debug|Any CPU.Build.0 = Debug|Any CPU
		{0802E465-BA2F-4F06-88DF-B8A833752EF8}.Release|Any CPU.ActiveCfg = Release|Any CPU
		{0802E465-BA2F-4F06-88DF-B8A833752EF8}.Release|Any CPU.Build.0 = Release|Any CPU
		{9D328685-EF5D-495C-91FB-6DA4C41E6148}.Debug|Any CPU.ActiveCfg = Debug|Any CPU
		{9D328685-EF5D-495C-91FB-6DA4C41E6148}.Debug|Any CPU.Build.0 = Debug|Any CPU
		{9D328685-EF5D-495C-91FB-6DA4C41E6148}.Release|Any CPU.ActiveCfg = Release|Any CPU
		{9D328685-EF5D-495C-91FB-6DA4C41E6148}.Release|Any CPU.Build.0 = Release|Any CPU
	EndGlobalSection
	GlobalSection(SolutionProperties) = preSolution
		HideSolutionNode = FALSE
	EndGlobalSection
EndGlobal
